
Microsoft Visual Studio Solution File, Format Version 12.00
# Visual Studio Version 16
VisualStudioVersion = 25.0.1700.0
MinimumVisualStudioVersion = 10.0.40219.1
Project("{FAE04EC0-301F-11D3-BF4B-00C04F79EFBC}") = "Middleware", "Middleware\Middleware.csproj", "{97C58B0E-D683-4C4B-8563-9E236C33F01A}"
EndProject
Global
	GlobalSection(SolutionConfigurationPlatforms) = preSolution
		Debug|Any CPU = Debug|Any CPU
		Release|Any CPU = Release|Any CPU
	EndGlobalSection
	GlobalSection(ProjectConfigurationPlatforms) = postSolution
		{97C58B0E-D683-4C4B-8563-9E236C33F01A}.Debug|Any CPU.ActiveCfg = Debug|Any CPU
		{97C58B0E-D683-4C4B-8563-9E236C33F01A}.Debug|Any CPU.Build.0 = Debug|Any CPU
		{97C58B0E-D683-4C4B-8563-9E236C33F01A}.Release|Any CPU.ActiveCfg = Release|Any CPU
		{97C58B0E-D683-4C4B-8563-9E236C33F01A}.Release|Any CPU.Build.0 = Release|Any CPU
	EndGlobalSection
	GlobalSection(SolutionProperties) = preSolution
		HideSolutionNode = FALSE
	EndGlobalSection
	GlobalSection(ExtensibilityGlobals) = postSolution
		SolutionGuid = {CC72A4CD-25DC-4E13-B69B-6E062B25BDA0}
	EndGlobalSection
EndGlobal
